// !$*UTF8*$!
{
	archiveVersion = 1;
	classes = {
	};
	objectVersion = 46;
	objects = {

/* Begin PBXBuildFile section */
		420D8BC31ECDBE0700B748B0 /* main.m in Sources */ = {isa = PBXBuildFile; fileRef = 420D8BC21ECDBE0700B748B0 /* main.m */; };
		420D8BC61ECDBE0700B748B0 /* AppDelegate.m in Sources */ = {isa = PBXBuildFile; fileRef = 420D8BC51ECDBE0700B748B0 /* AppDelegate.m */; };
		420D8BC91ECDBE0700B748B0 /* ViewController.m in Sources */ = {isa = PBXBuildFile; fileRef = 420D8BC81ECDBE0700B748B0 /* ViewController.m */; };
		420D8BCC1ECDBE0700B748B0 /* Main.storyboard in Resources */ = {isa = PBXBuildFile; fileRef = 420D8BCA1ECDBE0700B748B0 /* Main.storyboard */; };
		420D8BCE1ECDBE0700B748B0 /* Assets.xcassets in Resources */ = {isa = PBXBuildFile; fileRef = 420D8BCD1ECDBE0700B748B0 /* Assets.xcassets */; };
		420D8BD11ECDBE0700B748B0 /* LaunchScreen.storyboard in Resources */ = {isa = PBXBuildFile; fileRef = 420D8BCF1ECDBE0700B748B0 /* LaunchScreen.storyboard */; };
/* End PBXBuildFile section */

/* Begin PBXFileReference section */
		420D8BBE1ECDBE0700B748B0 /* FragmentDemo.app */ = {isa = PBXFileReference; explicitFileType = wrapper.application; includeInIndex = 0; path = FragmentDemo.app; sourceTree = BUILT_PRODUCTS_DIR; };
		420D8BC21ECDBE0700B748B0 /* main.m */ = {isa = PBXFileReference; lastKnownFileType = sourcecode.c.objc; path = main.m; sourceTree = "<group>"; };
		420D8BC41ECDBE0700B748B0 /* AppDelegate.h */ = {isa = PBXFileReference; lastKnownFileType = sourcecode.c.h; path = AppDelegate.h; sourceTree = "<group>"; };
		420D8BC51ECDBE0700B748B0 /* AppDelegate.m */ = {isa = PBXFileReference; lastKnownFileType = sourcecode.c.objc; path = AppDelegate.m; sourceTree = "<group>"; };
		420D8BC71ECDBE0700B748B0 /* ViewController.h */ = {isa = PBXFileReference; lastKnownFileType = sourcecode.c.h; path = ViewController.h; sourceTree = "<group>"; };
		420D8BC81ECDBE0700B748B0 /* ViewController.m */ = {isa = PBXFileReference; lastKnownFileType = sourcecode.c.objc; path = ViewController.m; sourceTree = "<group>"; };
		420D8BCB1ECDBE0700B748B0 /* Base */ = {isa = PBXFileReference; lastKnownFileType = file.storyboard; name = Base; path = Base.lproj/Main.storyboard; sourceTree = "<group>"; };
		420D8BCD1ECDBE0700B748B0 /* Assets.xcassets */ = {isa = PBXFileReference; lastKnownFileType = folder.assetcatalog; path = Assets.xcassets; sourceTree = "<group>"; };
		420D8BD01ECDBE0700B748B0 /* Base */ = {isa = PBXFileReference; lastKnownFileType = file.storyboard; name = Base; path = Base.lproj/LaunchScreen.storyboard; sourceTree = "<group>"; };
		420D8BD21ECDBE0700B748B0 /* Info.plist */ = {isa = PBXFileReference; lastKnownFileType = text.plist.xml; path = Info.plist; sourceTree = "<group>"; };
/* End PBXFileReference section */

/* Begin PBXFrameworksBuildPhase section */
		420D8BBB1ECDBE0700B748B0 /* Frameworks */ = {
			isa = PBXFrameworksBuildPhase;
			buildActionMask = 2147483647;
			files = (
			);
			runOnlyForDeploymentPostprocessing = 0;
		};
/* End PBXFrameworksBuildPhase section */

/* Begin PBXGroup section */
		420D8BB51ECDBE0700B748B0 = {
			isa = PBXGroup;
			children = (
				420D8BC01ECDBE0700B748B0 /* FragmentDemo */,
				420D8BBF1ECDBE0700B748B0 /* Products */,
			);
			sourceTree = "<group>";
		};
		420D8BBF1ECDBE0700B748B0 /* Products */ = {
			isa = PBXGroup;
			children = (
				420D8BBE1ECDBE0700B748B0 /* FragmentDemo.app */,
			);
			name = Products;
			sourceTree = "<group>";
		};
		420D8BC01ECDBE0700B748B0 /* FragmentDemo */ = {
			isa = PBXGroup;
			children = (
				420D8BC41ECDBE0700B748B0 /* AppDelegate.h */,
				420D8BC51ECDBE0700B748B0 /* AppDelegate.m */,
				420D8BC71ECDBE0700B748B0 /* ViewController.h */,
				420D8BC81ECDBE0700B748B0 /* ViewController.m */,
				420D8BCA1ECDBE0700B748B0 /* Main.storyboard */,
				420D8BCD1ECDBE0700B748B0 /* Assets.xcassets */,
				420D8BCF1ECDBE0700B748B0 /* LaunchScreen.storyboard */,
				420D8BD21ECDBE0700B748B0 /* Info.plist */,
				420D8BC11ECDBE0700B748B0 /* Supporting Files */,
			);
			path = FragmentDemo;
			sourceTree = "<group>";
		};
		420D8BC11ECDBE0700B748B0 /* Supporting Files */ = {
			isa = PBXGroup;
			children = (
				420D8BC21ECDBE0700B748B0 /* main.m */,
			);
			name = "Supporting Files";
			sourceTree = "<group>";
		};
/* End PBXGroup section */

/* Begin PBXNativeTarget section */
		420D8BBD1ECDBE0700B748B0 /* FragmentDemo */ = {
			isa = PBXNativeTarget;
			buildConfigurationList = 420D8BD51ECDBE0700B748B0 /* Build configuration list for PBXNativeTarget "FragmentDemo" */;
			buildPhases = (
				420D8BBA1ECDBE0700B748B0 /* Sources */,
				420D8BBB1ECDBE0700B748B0 /* Frameworks */,
				420D8BBC1ECDBE0700B748B0 /* Resources */,
			);
			buildRules = (
			);
			dependencies = (
			);
			name = FragmentDemo;
			productName = FragmentDemo;
			productReference = 420D8BBE1ECDBE0700B748B0 /* FragmentDemo.app */;
			productType = "com.apple.product-type.application";
		};
/* End PBXNativeTarget section */

/* Begin PBXProject section */
		420D8BB61ECDBE0700B748B0 /* Project object */ = {
			isa = PBXProject;
			attributes = {
				LastUpgradeCheck = 0830;
				ORGANIZATIONNAME = MacMini3;
				TargetAttributes = {
					420D8BBD1ECDBE0700B748B0 = {
						CreatedOnToolsVersion = 8.3.2;
						ProvisioningStyle = Automatic;
					};
				};
			};
			buildConfigurationList = 420D8BB91ECDBE0700B748B0 /* Build configuration list for PBXProject "FragmentDemo" */;
			compatibilityVersion = "Xcode 3.2";
			developmentRegion = English;
			hasScannedForEncodings = 0;
			knownRegions = (
				en,
				Base,
			);
			mainGroup = 420D8BB51ECDBE0700B748B0;
			productRefGroup = 420D8BBF1ECDBE0700B748B0 /* Products */;
			projectDirPath = "";
			projectRoot = "";
			targets = (
				420D8BBD1ECDBE0700B748B0 /* FragmentDemo */,
			);
		};
/* End PBXProject section */

/* Begin PBXResourcesBuildPhase section */
		420D8BBC1ECDBE0700B748B0 /* Resources */ = {
			isa = PBXResourcesBuildPhase;
			buildActionMask = 2147483647;
			files = (
				420D8BD11ECDBE0700B748B0 /* LaunchScreen.storyboard in Resources */,
				420D8BCE1ECDBE0700B748B0 /* Assets.xcassets in Resources */,
				420D8BCC1ECDBE0700B748B0 /* Main.storyboard in Resources */,
			);
			runOnlyForDeploymentPostprocessing = 0;
		};
/* End PBXResourcesBuildPhase section */

/* Begin PBXSourcesBuildPhase section */
		420D8BBA1ECDBE0700B748B0 /* Sources */ = {
			isa = PBXSourcesBuildPhase;
			buildActionMask = 2147483647;
			files = (
				420D8BC91ECDBE0700B748B0 /* ViewController.m in Sources */,
				420D8BC61ECDBE0700B748B0 /* AppDelegate.m in Sources */,
				420D8BC31ECDBE0700B748B0 /* main.m in Sources */,
			);
			runOnlyForDeploymentPostprocessing = 0;
		};
/* End PBXSourcesBuildPhase section */

/* Begin PBXVariantGroup section */
		420D8BCA1ECDBE0700B748B0 /* Main.storyboard */ = {
			isa = PBXVariantGroup;
			children = (
				420D8BCB1ECDBE0700B748B0 /* Base */,
			);
			name = Main.storyboard;
			sourceTree = "<group>";
		};
		420D8BCF1ECDBE0700B748B0 /* LaunchScreen.storyboard */ = {
			isa = PBXVariantGroup;
			children = (
				420D8BD01ECDBE0700B748B0 /* Base */,
			);
			name = LaunchScreen.storyboard;
			sourceTree = "<group>";
		};
/* End PBXVariantGroup section */

/* Begin XCBuildConfiguration section */
		420D8BD31ECDBE0700B748B0 /* Debug */ = {
			isa = XCBuildConfiguration;
			buildSettings = {
				ALWAYS_SEARCH_USER_PATHS = NO;
				CLANG_ANALYZER_NONNULL = YES;
				CLANG_ANALYZER_NUMBER_OBJECT_CONVERSION = YES_AGGRESSIVE;
				CLANG_CXX_LANGUAGE_STANDARD = "gnu++0x";
				CLANG_CXX_LIBRARY = "libc++";
				CLANG_ENABLE_MODULES = YES;
				CLANG_ENABLE_OBJC_ARC = YES;
				CLANG_WARN_BOOL_CONVERSION = YES;
				CLANG_WARN_CONSTANT_CONVERSION = YES;
				CLANG_WARN_DIRECT_OBJC_ISA_USAGE = YES_ERROR;
				CLANG_WARN_DOCUMENTATION_COMMENTS = YES;
				CLANG_WARN_EMPTY_BODY = YES;
				CLANG_WARN_ENUM_CONVERSION = YES;
				CLANG_WARN_INFINITE_RECURSION = YES;
				CLANG_WARN_INT_CONVERSION = YES;
				CLANG_WARN_OBJC_ROOT_CLASS = YES_ERROR;
				CLANG_WARN_SUSPICIOUS_MOVE = YES;
				CLANG_WARN_UNREACHABLE_CODE = YES;
				CLANG_WARN__DUPLICATE_METHOD_MATCH = YES;
				"CODE_SIGN_IDENTITY[sdk=iphoneos*]" = "iPhone Developer";
				COPY_PHASE_STRIP = NO;
				DEBUG_INFORMATION_FORMAT = dwarf;
				ENABLE_STRICT_OBJC_MSGSEND = YES;
				ENABLE_TESTABILITY = YES;
				GCC_C_LANGUAGE_STANDARD = gnu99;
				GCC_DYNAMIC_NO_PIC = NO;
				GCC_NO_COMMON_BLOCKS = YES;
				GCC_OPTIMIZATION_LEVEL = 0;
				GCC_PREPROCESSOR_DEFINITIONS = (
					"DEBUG=1",
					"$(inherited)",
				);
				GCC_WARN_64_TO_32_BIT_CONVERSION = YES;
				GCC_WARN_ABOUT_RETURN_TYPE = YES_ERROR;
				GCC_WARN_UNDECLARED_SELECTOR = YES;
				GCC_WARN_UNINITIALIZED_AUTOS = YES_AGGRESSIVE;
				GCC_WARN_UNUSED_FUNCTION = YES;
				GCC_WARN_UNUSED_VARIABLE = YES;
				IPHONEOS_DEPLOYMENT_TARGET = 10.3;
				MTL_ENABLE_DEBUG_INFO = YES;
				ONLY_ACTIVE_ARCH = YES;
				SDKROOT = iphoneos;
				TARGETED_DEVICE_FAMILY = "1,2";
			};
			name = Debug;
		};
		420D8BD41ECDBE0700B748B0 /* Release */ = {
			isa = XCBuildConfiguration;
			buildSettings = {
				ALWAYS_SEARCH_USER_PATHS = NO;
				CLANG_ANALYZER_NONNULL = YES;
				CLANG_ANALYZER_NUMBER_OBJECT_CONVERSION = YES_AGGRESSIVE;
				CLANG_CXX_LANGUAGE_STANDARD = "gnu++0x";
				CLANG_CXX_LIBRARY = "libc++";
				CLANG_ENABLE_MODULES = YES;
				CLANG_ENABLE_OBJC_ARC = YES;
				CLANG_WARN_BOOL_CONVERSION = YES;
				CLANG_WARN_CONSTANT_CONVERSION = YES;
				CLANG_WARN_DIRECT_OBJC_ISA_USAGE = YES_ERROR;
				CLANG_WARN_DOCUMENTATION_COMMENTS = YES;
				CLANG_WARN_EMPTY_BODY = YES;
				CLANG_WARN_ENUM_CONVERSION = YES;
				CLANG_WARN_INFINITE_RECURSION = YES;
				CLANG_WARN_INT_CONVERSION = YES;
				CLANG_WARN_OBJC_ROOT_CLASS = YES_ERROR;
				CLANG_WARN_SUSPICIOUS_MOVE = YES;
				CLANG_WARN_UNREACHABLE_CODE = YES;
				CLANG_WARN__DUPLICATE_METHOD_MATCH = YES;
				"CODE_SIGN_IDENTITY[sdk=iphoneos*]" = "iPhone Developer";
				COPY_PHASE_STRIP = NO;
				DEBUG_INFORMATION_FORMAT = "dwarf-with-dsym";
				ENABLE_NS_ASSERTIONS = NO;
				ENABLE_STRICT_OBJC_MSGSEND = YES;
				GCC_C_LANGUAGE_STANDARD = gnu99;
				GCC_NO_COMMON_BLOCKS = YES;
				GCC_WARN_64_TO_32_BIT_CONVERSION = YES;
				GCC_WARN_ABOUT_RETURN_TYPE = YES_ERROR;
				GCC_WARN_UNDECLARED_SELECTOR = YES;
				GCC_WARN_UNINITIALIZED_AUTOS = YES_AGGRESSIVE;
				GCC_WARN_UNUSED_FUNCTION = YES;
				GCC_WARN_UNUSED_VARIABLE = YES;
				IPHONEOS_DEPLOYMENT_TARGET = 10.3;
				MTL_ENABLE_DEBUG_INFO = NO;
				SDKROOT = iphoneos;
				TARGETED_DEVICE_FAMILY = "1,2";
				VALIDATE_PRODUCT = YES;
			};
			name = Release;
		};
		420D8BD61ECDBE0700B748B0 /* Debug */ = {
			isa = XCBuildConfiguration;
			buildSettings = {
				ASSETCATALOG_COMPILER_APPICON_NAME = AppIcon;
				INFOPLIST_FILE = FragmentDemo/Info.plist;
				LD_RUNPATH_SEARCH_PATHS = "$(inherited) @executable_path/Frameworks";
				PRODUCT_BUNDLE_IDENTIFIER = com.avasoft.FragmentDemo;
				PRODUCT_NAME = "$(TARGET_NAME)";
			};
			name = Debug;
		};
		420D8BD71ECDBE0700B748B0 /* Release */ = {
			isa = XCBuildConfiguration;
			buildSettings = {
				ASSETCATALOG_COMPILER_APPICON_NAME = AppIcon;
				INFOPLIST_FILE = FragmentDemo/Info.plist;
				LD_RUNPATH_SEARCH_PATHS = "$(inherited) @executable_path/Frameworks";
				PRODUCT_BUNDLE_IDENTIFIER = com.avasoft.FragmentDemo;
				PRODUCT_NAME = "$(TARGET_NAME)";
			};
			name = Release;
		};
/* End XCBuildConfiguration section */

/* Begin XCConfigurationList section */
		420D8BB91ECDBE0700B748B0 /* Build configuration list for PBXProject "FragmentDemo" */ = {
			isa = XCConfigurationList;
			buildConfigurations = (
				420D8BD31ECDBE0700B748B0 /* Debug */,
				420D8BD41ECDBE0700B748B0 /* Release */,
			);
			defaultConfigurationIsVisible = 0;
			defaultConfigurationName = Release;
		};
		420D8BD51ECDBE0700B748B0 /* Build configuration list for PBXNativeTarget "FragmentDemo" */ = {
			isa = XCConfigurationList;
			buildConfigurations = (
				420D8BD61ECDBE0700B748B0 /* Debug */,
				420D8BD71ECDBE0700B748B0 /* Release */,
			);
			defaultConfigurationIsVisible = 0;
		};
/* End XCConfigurationList section */
	};
	rootObject = 420D8BB61ECDBE0700B748B0 /* Project object */;
}
